// !$*UTF8*$!
{
	archiveVersion = 1;
	classes = {
	};
	objectVersion = 48;
	objects = {

/* Begin PBXBuildFile section */
		49A11D2ED605545C497CA48D /* Pods_A_Day_at_Montmartre.framework in Frameworks */ = {isa = PBXBuildFile; fileRef = 02E8D07A293BD478A62843EC /* Pods_A_Day_at_Montmartre.framework */; };
		4C12C08E201D3C10007F5EAF /* HillClimbApproximator.swift in Sources */ = {isa = PBXBuildFile; fileRef = 4C12C08D201D3C10007F5EAF /* HillClimbApproximator.swift */; };
		4C12C097201D4A05007F5EAF /* BasicEvolutionaryApproximator.swift in Sources */ = {isa = PBXBuildFile; fileRef = 4C12C096201D4A05007F5EAF /* BasicEvolutionaryApproximator.swift */; };
		4C1824D3209B9B2C00B1914B /* Double+Orbit.swift in Sources */ = {isa = PBXBuildFile; fileRef = 4C1824D2209B9B2C00B1914B /* Double+Orbit.swift */; };
		4C1824D5209B9D9200B1914B /* OrbitNumberImage.swift in Sources */ = {isa = PBXBuildFile; fileRef = 4C1824D4209B9D9200B1914B /* OrbitNumberImage.swift */; };
		4C34B110202B29CA00C7997C /* Settings.bundle in Resources */ = {isa = PBXBuildFile; fileRef = 4C34B10F202B29CA00C7997C /* Settings.bundle */; };
		4C528001203A01D7000A1F19 /* Triangle.swift in Sources */ = {isa = PBXBuildFile; fileRef = 4C528000203A01D7000A1F19 /* Triangle.swift */; };
		4C5ECC66209E7059007810FF /* Info.plist in Resources */ = {isa = PBXBuildFile; fileRef = 4C5ECC65209E7059007810FF /* Info.plist */; };
		4C78F91F2020FB5D00016B0B /* PerformanceTests.swift in Sources */ = {isa = PBXBuildFile; fileRef = 4C78F91E2020FB5D00016B0B /* PerformanceTests.swift */; };
		4C7A7FB91FF5716000F1852D /* MyWorldOfColours.swift in Sources */ = {isa = PBXBuildFile; fileRef = 4C7A7FB81FF5716000F1852D /* MyWorldOfColours.swift */; };
		4C7F7BE0200033F800DAE60C /* BitmapMagic.swift in Sources */ = {isa = PBXBuildFile; fileRef = 4C7F7BDF200033F800DAE60C /* BitmapMagic.swift */; };
		4C8438291FFBCDA000090BC4 /* Approximator.swift in Sources */ = {isa = PBXBuildFile; fileRef = 4C8438281FFBCDA000090BC4 /* Approximator.swift */; };
		4C8A1D47201CA39F00BE1AFF /* ShapeMaskTests.swift in Sources */ = {isa = PBXBuildFile; fileRef = 4C8A1D46201CA39F00BE1AFF /* ShapeMaskTests.swift */; };
		4C925EB82017B5F20005D6BE /* TestImageProvider.swift in Sources */ = {isa = PBXBuildFile; fileRef = 4C925EB72017B5F20005D6BE /* TestImageProvider.swift */; };
		4C942C8B200B57E100F96821 /* ApproximationContext.swift in Sources */ = {isa = PBXBuildFile; fileRef = 4C942C8A200B57E100F96821 /* ApproximationContext.swift */; };
		4C960C262039987B00FEABE3 /* Point.swift in Sources */ = {isa = PBXBuildFile; fileRef = 4C960C252039987B00FEABE3 /* Point.swift */; };
		4C97D3CC2011164C002772CA /* MontmartreColour.swift in Sources */ = {isa = PBXBuildFile; fileRef = 4C97D3CB2011164C002772CA /* MontmartreColour.swift */; };
		4C9B20612014BB2F006858A4 /* ApproximationTests.swift in Sources */ = {isa = PBXBuildFile; fileRef = 4C9B20602014BB2F006858A4 /* ApproximationTests.swift */; };
		4CA251892038838D00981E48 /* Line.swift in Sources */ = {isa = PBXBuildFile; fileRef = 4CA251882038838D00981E48 /* Line.swift */; };
		4CAB6674200AD7C100F71E7C /* ShapeMask.swift in Sources */ = {isa = PBXBuildFile; fileRef = 4CAB6673200AD7C100F71E7C /* ShapeMask.swift */; };
		4CB21E9B202B56BE009B1326 /* SettingsBundleHelper.swift in Sources */ = {isa = PBXBuildFile; fileRef = 4CB21E9A202B56BE009B1326 /* SettingsBundleHelper.swift */; };
		4CBBA82D1FF596D600BC6268 /* GeometricShape.swift in Sources */ = {isa = PBXBuildFile; fileRef = 4CBBA82C1FF596D600BC6268 /* GeometricShape.swift */; };
		4CBBA82F1FF5982100BC6268 /* Ellipse.swift in Sources */ = {isa = PBXBuildFile; fileRef = 4CBBA82E1FF5982100BC6268 /* Ellipse.swift */; };
		4CC55C3A2076A793002999C1 /* ShapeFactory.swift in Sources */ = {isa = PBXBuildFile; fileRef = 4CC55C392076A793002999C1 /* ShapeFactory.swift */; };
		4CC55C3D2076A8E8002999C1 /* Types.swift in Sources */ = {isa = PBXBuildFile; fileRef = 4CC55C3C2076A8E8002999C1 /* Types.swift */; };
		4CD0CDE2201D00A7002DED6E /* Rectangle.swift in Sources */ = {isa = PBXBuildFile; fileRef = 4CD0CDE1201D00A7002DED6E /* Rectangle.swift */; };
		4CD4FD5D1FF31FA00067100F /* ViewController.swift in Sources */ = {isa = PBXBuildFile; fileRef = 4CD4FD5C1FF31FA00067100F /* ViewController.swift */; };
		4CD4FD601FF31FA00067100F /* Main.storyboard in Resources */ = {isa = PBXBuildFile; fileRef = 4CD4FD5E1FF31FA00067100F /* Main.storyboard */; };
		4CD4FD621FF31FA00067100F /* Assets.xcassets in Resources */ = {isa = PBXBuildFile; fileRef = 4CD4FD611FF31FA00067100F /* Assets.xcassets */; };
		4CD4FD651FF31FA00067100F /* LaunchScreen.storyboard in Resources */ = {isa = PBXBuildFile; fileRef = 4CD4FD631FF31FA00067100F /* LaunchScreen.storyboard */; };
		4CD4FD701FF31FA00067100F /* A_Day_at_MontmartreTests.swift in Sources */ = {isa = PBXBuildFile; fileRef = 4CD4FD6F1FF31FA00067100F /* A_Day_at_MontmartreTests.swift */; };
		4CD78684200BD7D000F03D7F /* BitmapMagicTests.swift in Sources */ = {isa = PBXBuildFile; fileRef = 4CD78683200BD7D000F03D7F /* BitmapMagicTests.swift */; };
		4CD78686200BDA6500F03D7F /* MyWorldOfColours+UIKitExtensions.swift in Sources */ = {isa = PBXBuildFile; fileRef = 4CD78685200BDA6500F03D7F /* MyWorldOfColours+UIKitExtensions.swift */; };
		4CEF3BCA20378D2D00828B71 /* SmallDot.swift in Sources */ = {isa = PBXBuildFile; fileRef = 4CEF3BC920378D2D00828B71 /* SmallDot.swift */; };
		4CF3E4FA208A879900BD2748 /* DynamicSizeSuggestion.swift in Sources */ = {isa = PBXBuildFile; fileRef = 4CF3E4F9208A879900BD2748 /* DynamicSizeSuggestion.swift */; };
		4CF81C961FF59F80008B10D8 /* Double+Extensions.swift in Sources */ = {isa = PBXBuildFile; fileRef = 4CF81C951FF59F80008B10D8 /* Double+Extensions.swift */; };
		8B7EAE638915BE43E48B4AF2 /* Pods_A_Day_at_MontmartreTests.framework in Frameworks */ = {isa = PBXBuildFile; fileRef = F87225CCAC571FD74E784CC6 /* Pods_A_Day_at_MontmartreTests.framework */; };
/* End PBXBuildFile section */

/* Begin PBXContainerItemProxy section */
		4CD4FD6C1FF31FA00067100F /* PBXContainerItemProxy */ = {
			isa = PBXContainerItemProxy;
			containerPortal = 4CD4FD4F1FF31FA00067100F /* Project object */;
			proxyType = 1;
			remoteGlobalIDString = 4CD4FD561FF31FA00067100F;
			remoteInfo = "A Day at Montmartre";
		};
/* End PBXContainerItemProxy section */

/* Begin PBXFileReference section */
		02E8D07A293BD478A62843EC /* Pods_A_Day_at_Montmartre.framework */ = {isa = PBXFileReference; explicitFileType = wrapper.framework; includeInIndex = 0; path = Pods_A_Day_at_Montmartre.framework; sourceTree = BUILT_PRODUCTS_DIR; };
		17B6ABB5A5FEBC1C3BE1D1D7 /* Pods-A Day at Montmartre.debug.xcconfig */ = {isa = PBXFileReference; includeInIndex = 1; lastKnownFileType = text.xcconfig; name = "Pods-A Day at Montmartre.debug.xcconfig"; path = "Pods/Target Support Files/Pods-A Day at Montmartre/Pods-A Day at Montmartre.debug.xcconfig"; sourceTree = "<group>"; };
		25AC4E170C72038347FD4449 /* Pods-A Day at Montmartre.release.xcconfig */ = {isa = PBXFileReference; includeInIndex = 1; lastKnownFileType = text.xcconfig; name = "Pods-A Day at Montmartre.release.xcconfig"; path = "Pods/Target Support Files/Pods-A Day at Montmartre/Pods-A Day at Montmartre.release.xcconfig"; sourceTree = "<group>"; };
		4C12C08D201D3C10007F5EAF /* HillClimbApproximator.swift */ = {isa = PBXFileReference; lastKnownFileType = sourcecode.swift; path = HillClimbApproximator.swift; sourceTree = "<group>"; };
		4C12C096201D4A05007F5EAF /* BasicEvolutionaryApproximator.swift */ = {isa = PBXFileReference; lastKnownFileType = sourcecode.swift; path = BasicEvolutionaryApproximator.swift; sourceTree = "<group>"; };
		4C1824D2209B9B2C00B1914B /* Double+Orbit.swift */ = {isa = PBXFileReference; lastKnownFileType = sourcecode.swift; path = "Double+Orbit.swift"; sourceTree = "<group>"; };
		4C1824D4209B9D9200B1914B /* OrbitNumberImage.swift */ = {isa = PBXFileReference; lastKnownFileType = sourcecode.swift; path = OrbitNumberImage.swift; sourceTree = "<group>"; };
		4C34B10F202B29CA00C7997C /* Settings.bundle */ = {isa = PBXFileReference; lastKnownFileType = "wrapper.plug-in"; path = Settings.bundle; sourceTree = "<group>"; };
		4C528000203A01D7000A1F19 /* Triangle.swift */ = {isa = PBXFileReference; lastKnownFileType = sourcecode.swift; path = Triangle.swift; sourceTree = "<group>"; };
		4C5ECC65209E7059007810FF /* Info.plist */ = {isa = PBXFileReference; fileEncoding = 4; lastKnownFileType = text.plist.xml; path = Info.plist; sourceTree = "<group>"; };
		4C78F91E2020FB5D00016B0B /* PerformanceTests.swift */ = {isa = PBXFileReference; lastKnownFileType = sourcecode.swift; path = PerformanceTests.swift; sourceTree = "<group>"; };
		4C7A7FB81FF5716000F1852D /* MyWorldOfColours.swift */ = {isa = PBXFileReference; lastKnownFileType = sourcecode.swift; path = MyWorldOfColours.swift; sourceTree = "<group>"; };
		4C7F7BDF200033F800DAE60C /* BitmapMagic.swift */ = {isa = PBXFileReference; lastKnownFileType = sourcecode.swift; path = BitmapMagic.swift; sourceTree = "<group>"; };
		4C8438281FFBCDA000090BC4 /* Approximator.swift */ = {isa = PBXFileReference; lastKnownFileType = sourcecode.swift; path = Approximator.swift; sourceTree = "<group>"; };
		4C8A1D46201CA39F00BE1AFF /* ShapeMaskTests.swift */ = {isa = PBXFileReference; lastKnownFileType = sourcecode.swift; path = ShapeMaskTests.swift; sourceTree = "<group>"; };
		4C925EB72017B5F20005D6BE /* TestImageProvider.swift */ = {isa = PBXFileReference; lastKnownFileType = sourcecode.swift; path = TestImageProvider.swift; sourceTree = "<group>"; };
		4C942C8A200B57E100F96821 /* ApproximationContext.swift */ = {isa = PBXFileReference; lastKnownFileType = sourcecode.swift; path = ApproximationContext.swift; sourceTree = "<group>"; };
		4C960C252039987B00FEABE3 /* Point.swift */ = {isa = PBXFileReference; lastKnownFileType = sourcecode.swift; path = Point.swift; sourceTree = "<group>"; };
		4C97D3CB2011164C002772CA /* MontmartreColour.swift */ = {isa = PBXFileReference; lastKnownFileType = sourcecode.swift; path = MontmartreColour.swift; sourceTree = "<group>"; };
		4C9B20602014BB2F006858A4 /* ApproximationTests.swift */ = {isa = PBXFileReference; lastKnownFileType = sourcecode.swift; path = ApproximationTests.swift; sourceTree = "<group>"; };
		4CA251882038838D00981E48 /* Line.swift */ = {isa = PBXFileReference; lastKnownFileType = sourcecode.swift; path = Line.swift; sourceTree = "<group>"; };
		4CA2518A20388E2200981E48 /* de */ = {isa = PBXFileReference; lastKnownFileType = text.plist.strings; name = de; path = de.lproj/Main.strings; sourceTree = "<group>"; };
		4CA2518B20388E2200981E48 /* de */ = {isa = PBXFileReference; lastKnownFileType = text.plist.strings; name = de; path = de.lproj/LaunchScreen.strings; sourceTree = "<group>"; };
		4CAB6673200AD7C100F71E7C /* ShapeMask.swift */ = {isa = PBXFileReference; lastKnownFileType = sourcecode.swift; path = ShapeMask.swift; sourceTree = "<group>"; };
		4CB21E9A202B56BE009B1326 /* SettingsBundleHelper.swift */ = {isa = PBXFileReference; lastKnownFileType = sourcecode.swift; path = SettingsBundleHelper.swift; sourceTree = "<group>"; };
		4CBBA82C1FF596D600BC6268 /* GeometricShape.swift */ = {isa = PBXFileReference; lastKnownFileType = sourcecode.swift; path = GeometricShape.swift; sourceTree = "<group>"; };
		4CBBA82E1FF5982100BC6268 /* Ellipse.swift */ = {isa = PBXFileReference; lastKnownFileType = sourcecode.swift; path = Ellipse.swift; sourceTree = "<group>"; };
		4CC55C392076A793002999C1 /* ShapeFactory.swift */ = {isa = PBXFileReference; lastKnownFileType = sourcecode.swift; path = ShapeFactory.swift; sourceTree = "<group>"; };
		4CC55C3C2076A8E8002999C1 /* Types.swift */ = {isa = PBXFileReference; lastKnownFileType = sourcecode.swift; path = Types.swift; sourceTree = "<group>"; };
		4CC689EE2030D01C00BAEA87 /* README.md */ = {isa = PBXFileReference; fileEncoding = 4; lastKnownFileType = net.daringfireball.markdown; path = README.md; sourceTree = "<group>"; };
		4CC689EF2030D01D00BAEA87 /* LICENSE */ = {isa = PBXFileReference; fileEncoding = 4; lastKnownFileType = text; path = LICENSE; sourceTree = "<group>"; };
		4CD0CDE1201D00A7002DED6E /* Rectangle.swift */ = {isa = PBXFileReference; lastKnownFileType = sourcecode.swift; path = Rectangle.swift; sourceTree = "<group>"; };
		4CD4FD571FF31FA00067100F /* A Day at Montmartre.app */ = {isa = PBXFileReference; explicitFileType = wrapper.application; includeInIndex = 0; path = "A Day at Montmartre.app"; sourceTree = BUILT_PRODUCTS_DIR; };
		4CD4FD5C1FF31FA00067100F /* ViewController.swift */ = {isa = PBXFileReference; lastKnownFileType = sourcecode.swift; path = ViewController.swift; sourceTree = "<group>"; };
		4CD4FD5F1FF31FA00067100F /* Base */ = {isa = PBXFileReference; lastKnownFileType = file.storyboard; name = Base; path = Base.lproj/Main.storyboard; sourceTree = "<group>"; };
		4CD4FD611FF31FA00067100F /* Assets.xcassets */ = {isa = PBXFileReference; lastKnownFileType = folder.assetcatalog; path = Assets.xcassets; sourceTree = "<group>"; };
		4CD4FD641FF31FA00067100F /* Base */ = {isa = PBXFileReference; lastKnownFileType = file.storyboard; name = Base; path = Base.lproj/LaunchScreen.storyboard; sourceTree = "<group>"; };
		4CD4FD6B1FF31FA00067100F /* A Day at MontmartreTests.xctest */ = {isa = PBXFileReference; explicitFileType = wrapper.cfbundle; includeInIndex = 0; path = "A Day at MontmartreTests.xctest"; sourceTree = BUILT_PRODUCTS_DIR; };
		4CD4FD6F1FF31FA00067100F /* A_Day_at_MontmartreTests.swift */ = {isa = PBXFileReference; lastKnownFileType = sourcecode.swift; path = A_Day_at_MontmartreTests.swift; sourceTree = "<group>"; };
		4CD4FD711FF31FA00067100F /* Info.plist */ = {isa = PBXFileReference; lastKnownFileType = text.plist.xml; path = Info.plist; sourceTree = "<group>"; };
		4CD78683200BD7D000F03D7F /* BitmapMagicTests.swift */ = {isa = PBXFileReference; lastKnownFileType = sourcecode.swift; path = BitmapMagicTests.swift; sourceTree = "<group>"; };
		4CD78685200BDA6500F03D7F /* MyWorldOfColours+UIKitExtensions.swift */ = {isa = PBXFileReference; lastKnownFileType = sourcecode.swift; path = "MyWorldOfColours+UIKitExtensions.swift"; sourceTree = "<group>"; };
		4CEF3BC920378D2D00828B71 /* SmallDot.swift */ = {isa = PBXFileReference; lastKnownFileType = sourcecode.swift; path = SmallDot.swift; sourceTree = "<group>"; };
		4CF3E4F9208A879900BD2748 /* DynamicSizeSuggestion.swift */ = {isa = PBXFileReference; lastKnownFileType = sourcecode.swift; path = DynamicSizeSuggestion.swift; sourceTree = "<group>"; };
		4CF81C951FF59F80008B10D8 /* Double+Extensions.swift */ = {isa = PBXFileReference; lastKnownFileType = sourcecode.swift; path = "Double+Extensions.swift"; sourceTree = "<group>"; };
		7DC566546810DC81FA87E2DA /* Pods-A Day at MontmartreTests.release.xcconfig */ = {isa = PBXFileReference; includeInIndex = 1; lastKnownFileType = text.xcconfig; name = "Pods-A Day at MontmartreTests.release.xcconfig"; path = "Pods/Target Support Files/Pods-A Day at MontmartreTests/Pods-A Day at MontmartreTests.release.xcconfig"; sourceTree = "<group>"; };
		AC38F45604DF6994B217878B /* Pods-A Day at MontmartreTests.debug.xcconfig */ = {isa = PBXFileReference; includeInIndex = 1; lastKnownFileType = text.xcconfig; name = "Pods-A Day at MontmartreTests.debug.xcconfig"; path = "Pods/Target Support Files/Pods-A Day at MontmartreTests/Pods-A Day at MontmartreTests.debug.xcconfig"; sourceTree = "<group>"; };
		F87225CCAC571FD74E784CC6 /* Pods_A_Day_at_MontmartreTests.framework */ = {isa = PBXFileReference; explicitFileType = wrapper.framework; includeInIndex = 0; path = Pods_A_Day_at_MontmartreTests.framework; sourceTree = BUILT_PRODUCTS_DIR; };
/* End PBXFileReference section */

/* Begin PBXFrameworksBuildPhase section */
		4CD4FD541FF31FA00067100F /* Frameworks */ = {
			isa = PBXFrameworksBuildPhase;
			buildActionMask = 2147483647;
			files = (
				49A11D2ED605545C497CA48D /* Pods_A_Day_at_Montmartre.framework in Frameworks */,
			);
			runOnlyForDeploymentPostprocessing = 0;
		};
		4CD4FD681FF31FA00067100F /* Frameworks */ = {
			isa = PBXFrameworksBuildPhase;
			buildActionMask = 2147483647;
			files = (
				8B7EAE638915BE43E48B4AF2 /* Pods_A_Day_at_MontmartreTests.framework in Frameworks */,
			);
			runOnlyForDeploymentPostprocessing = 0;
		};
/* End PBXFrameworksBuildPhase section */

/* Begin PBXGroup section */
		266E0306A86370789B58930F /* Frameworks */ = {
			isa = PBXGroup;
			children = (
				02E8D07A293BD478A62843EC /* Pods_A_Day_at_Montmartre.framework */,
				F87225CCAC571FD74E784CC6 /* Pods_A_Day_at_MontmartreTests.framework */,
			);
			name = Frameworks;
			sourceTree = "<group>";
		};
		4C12C090201D454C007F5EAF /* Approximation */ = {
			isa = PBXGroup;
			children = (
				4C8438281FFBCDA000090BC4 /* Approximator.swift */,
				4C942C8A200B57E100F96821 /* ApproximationContext.swift */,
				4C12C08D201D3C10007F5EAF /* HillClimbApproximator.swift */,
				4C12C096201D4A05007F5EAF /* BasicEvolutionaryApproximator.swift */,
				4CF3E4F9208A879900BD2748 /* DynamicSizeSuggestion.swift */,
			);
			path = Approximation;
			sourceTree = "<group>";
		};
		4C12C091201D4597007F5EAF /* Shapes */ = {
			isa = PBXGroup;
			children = (
				4CEF3BC920378D2D00828B71 /* SmallDot.swift */,
				4CBBA82C1FF596D600BC6268 /* GeometricShape.swift */,
				4CBBA82E1FF5982100BC6268 /* Ellipse.swift */,
				4CD0CDE1201D00A7002DED6E /* Rectangle.swift */,
				4CA251882038838D00981E48 /* Line.swift */,
				4C960C252039987B00FEABE3 /* Point.swift */,
				4C528000203A01D7000A1F19 /* Triangle.swift */,
				4CC55C392076A793002999C1 /* ShapeFactory.swift */,
			);
			path = Shapes;
			sourceTree = "<group>";
		};
		4C12C092201D45BA007F5EAF /* Imaging */ = {
			isa = PBXGroup;
			children = (
				4C7F7BDF200033F800DAE60C /* BitmapMagic.swift */,
				4CAB6673200AD7C100F71E7C /* ShapeMask.swift */,
			);
			path = Imaging;
			sourceTree = "<group>";
		};
		4C12C093201D45DF007F5EAF /* ColourComputation */ = {
			isa = PBXGroup;
			children = (
				4CF81C951FF59F80008B10D8 /* Double+Extensions.swift */,
				4C7A7FB81FF5716000F1852D /* MyWorldOfColours.swift */,
				4CD78685200BDA6500F03D7F /* MyWorldOfColours+UIKitExtensions.swift */,
				4C97D3CB2011164C002772CA /* MontmartreColour.swift */,
			);
			path = ColourComputation;
			sourceTree = "<group>";
		};
		4C1824D0209B9AB400B1914B /* View */ = {
			isa = PBXGroup;
			children = (
				4CD4FD5E1FF31FA00067100F /* Main.storyboard */,
				4CD4FD611FF31FA00067100F /* Assets.xcassets */,
				4CD4FD631FF31FA00067100F /* LaunchScreen.storyboard */,
				4C1824D4209B9D9200B1914B /* OrbitNumberImage.swift */,
			);
			path = View;
			sourceTree = "<group>";
		};
		4C1824D1209B9AE300B1914B /* Controller */ = {
			isa = PBXGroup;
			children = (
				4CD4FD5C1FF31FA00067100F /* ViewController.swift */,
			);
			path = Controller;
			sourceTree = "<group>";
		};
		4CC55C3B2076A8D8002999C1 /* Base */ = {
			isa = PBXGroup;
			children = (
				4CB21E9A202B56BE009B1326 /* SettingsBundleHelper.swift */,
				4CC55C3C2076A8E8002999C1 /* Types.swift */,
				4C1824D2209B9B2C00B1914B /* Double+Orbit.swift */,
			);
			path = Base;
			sourceTree = "<group>";
		};
		4CD4FD4E1FF31FA00067100F = {
			isa = PBXGroup;
			children = (
				4CC689EF2030D01D00BAEA87 /* LICENSE */,
				4CC689EE2030D01C00BAEA87 /* README.md */,
				4CD4FD591FF31FA00067100F /* A Day at Montmartre */,
				4CD4FD6E1FF31FA00067100F /* A Day at MontmartreTests */,
				4CD4FD581FF31FA00067100F /* Products */,
				80A22B8C519688A20D2BC58C /* Pods */,
				266E0306A86370789B58930F /* Frameworks */,
			);
			sourceTree = "<group>";
		};
		4CD4FD581FF31FA00067100F /* Products */ = {
			isa = PBXGroup;
			children = (
				4CD4FD571FF31FA00067100F /* A Day at Montmartre.app */,
				4CD4FD6B1FF31FA00067100F /* A Day at MontmartreTests.xctest */,
			);
			name = Products;
			sourceTree = "<group>";
		};
		4CD4FD591FF31FA00067100F /* A Day at Montmartre */ = {
			isa = PBXGroup;
			children = (
				4C5ECC65209E7059007810FF /* Info.plist */,
				4C34B10F202B29CA00C7997C /* Settings.bundle */,
				4C1824D1209B9AE300B1914B /* Controller */,
				4C1824D0209B9AB400B1914B /* View */,
				4CC55C3B2076A8D8002999C1 /* Base */,
				4C12C093201D45DF007F5EAF /* ColourComputation */,
				4C12C091201D4597007F5EAF /* Shapes */,
				4C12C092201D45BA007F5EAF /* Imaging */,
				4C12C090201D454C007F5EAF /* Approximation */,
			);
			path = "A Day at Montmartre";
			sourceTree = "<group>";
		};
		4CD4FD6E1FF31FA00067100F /* A Day at MontmartreTests */ = {
			isa = PBXGroup;
			children = (
				4CD4FD6F1FF31FA00067100F /* A_Day_at_MontmartreTests.swift */,
				4CD4FD711FF31FA00067100F /* Info.plist */,
				4CD78683200BD7D000F03D7F /* BitmapMagicTests.swift */,
				4C9B20602014BB2F006858A4 /* ApproximationTests.swift */,
				4C925EB72017B5F20005D6BE /* TestImageProvider.swift */,
				4C8A1D46201CA39F00BE1AFF /* ShapeMaskTests.swift */,
				4C78F91E2020FB5D00016B0B /* PerformanceTests.swift */,
			);
			path = "A Day at MontmartreTests";
			sourceTree = "<group>";
		};
		80A22B8C519688A20D2BC58C /* Pods */ = {
			isa = PBXGroup;
			children = (
				17B6ABB5A5FEBC1C3BE1D1D7 /* Pods-A Day at Montmartre.debug.xcconfig */,
				25AC4E170C72038347FD4449 /* Pods-A Day at Montmartre.release.xcconfig */,
				AC38F45604DF6994B217878B /* Pods-A Day at MontmartreTests.debug.xcconfig */,
				7DC566546810DC81FA87E2DA /* Pods-A Day at MontmartreTests.release.xcconfig */,
			);
			name = Pods;
			sourceTree = "<group>";
		};
/* End PBXGroup section */

/* Begin PBXNativeTarget section */
		4CD4FD561FF31FA00067100F /* A Day at Montmartre */ = {
			isa = PBXNativeTarget;
			buildConfigurationList = 4CD4FD741FF31FA00067100F /* Build configuration list for PBXNativeTarget "A Day at Montmartre" */;
			buildPhases = (
				9E914268B94EE207EC83F4C9 /* [CP] Check Pods Manifest.lock */,
				4CD4FD531FF31FA00067100F /* Sources */,
				4CD4FD541FF31FA00067100F /* Frameworks */,
				4CD4FD551FF31FA00067100F /* Resources */,
				DC70D40D290AC8AA602E870D /* [CP] Embed Pods Frameworks */,
				853FA9D7045F04EA4AD5E54B /* [CP] Copy Pods Resources */,
				4CC3AFD0204FF3B300D6FB22 /* ShellScript */,
			);
			buildRules = (
			);
			dependencies = (
			);
			name = "A Day at Montmartre";
			productName = "A Day at Montmartre";
			productReference = 4CD4FD571FF31FA00067100F /* A Day at Montmartre.app */;
			productType = "com.apple.product-type.application";
		};
		4CD4FD6A1FF31FA00067100F /* A Day at MontmartreTests */ = {
			isa = PBXNativeTarget;
			buildConfigurationList = 4CD4FD771FF31FA00067100F /* Build configuration list for PBXNativeTarget "A Day at MontmartreTests" */;
			buildPhases = (
				E13E54A1115DE49F53CD9EDB /* [CP] Check Pods Manifest.lock */,
				4CD4FD671FF31FA00067100F /* Sources */,
				4CD4FD681FF31FA00067100F /* Frameworks */,
				4CD4FD691FF31FA00067100F /* Resources */,
				B895471379BF5D8C9DFEFDB8 /* [CP] Embed Pods Frameworks */,
				F540C867FDB375F403E6610C /* [CP] Copy Pods Resources */,
			);
			buildRules = (
			);
			dependencies = (
				4CD4FD6D1FF31FA00067100F /* PBXTargetDependency */,
			);
			name = "A Day at MontmartreTests";
			productName = "A Day at MontmartreTests";
			productReference = 4CD4FD6B1FF31FA00067100F /* A Day at MontmartreTests.xctest */;
			productType = "com.apple.product-type.bundle.unit-test";
		};
/* End PBXNativeTarget section */

/* Begin PBXProject section */
		4CD4FD4F1FF31FA00067100F /* Project object */ = {
			isa = PBXProject;
			attributes = {
				LastSwiftUpdateCheck = 0910;
				LastUpgradeCheck = 0910;
				ORGANIZATIONNAME = "Michael Kühweg";
				TargetAttributes = {
					4CD4FD561FF31FA00067100F = {
						CreatedOnToolsVersion = 9.1;
						ProvisioningStyle = Automatic;
					};
					4CD4FD6A1FF31FA00067100F = {
						CreatedOnToolsVersion = 9.1;
						ProvisioningStyle = Automatic;
						TestTargetID = 4CD4FD561FF31FA00067100F;
					};
				};
			};
			buildConfigurationList = 4CD4FD521FF31FA00067100F /* Build configuration list for PBXProject "A Day at Montmartre" */;
			compatibilityVersion = "Xcode 8.0";
			developmentRegion = en;
			hasScannedForEncodings = 0;
			knownRegions = (
				en,
				Base,
				de,
			);
			mainGroup = 4CD4FD4E1FF31FA00067100F;
			productRefGroup = 4CD4FD581FF31FA00067100F /* Products */;
			projectDirPath = "";
			projectRoot = "";
			targets = (
				4CD4FD561FF31FA00067100F /* A Day at Montmartre */,
				4CD4FD6A1FF31FA00067100F /* A Day at MontmartreTests */,
			);
		};
/* End PBXProject section */

/* Begin PBXResourcesBuildPhase section */
		4CD4FD551FF31FA00067100F /* Resources */ = {
			isa = PBXResourcesBuildPhase;
			buildActionMask = 2147483647;
			files = (
				4CD4FD651FF31FA00067100F /* LaunchScreen.storyboard in Resources */,
				4CD4FD621FF31FA00067100F /* Assets.xcassets in Resources */,
				4C34B110202B29CA00C7997C /* Settings.bundle in Resources */,
				4C5ECC66209E7059007810FF /* Info.plist in Resources */,
				4CD4FD601FF31FA00067100F /* Main.storyboard in Resources */,
			);
			runOnlyForDeploymentPostprocessing = 0;
		};
		4CD4FD691FF31FA00067100F /* Resources */ = {
			isa = PBXResourcesBuildPhase;
			buildActionMask = 2147483647;
			files = (
			);
			runOnlyForDeploymentPostprocessing = 0;
		};
/* End PBXResourcesBuildPhase section */

/* Begin PBXShellScriptBuildPhase section */
		4CC3AFD0204FF3B300D6FB22 /* ShellScript */ = {
			isa = PBXShellScriptBuildPhase;
			buildActionMask = 2147483647;
			files = (
			);
			inputPaths = (
			);
			outputPaths = (
			);
			runOnlyForDeploymentPostprocessing = 0;
			shellPath = /bin/sh;
			shellScript = "\"${PODS_ROOT}/SwiftLint/swiftlint\"\n";
		};
		853FA9D7045F04EA4AD5E54B /* [CP] Copy Pods Resources */ = {
			isa = PBXShellScriptBuildPhase;
			buildActionMask = 2147483647;
			files = (
			);
			inputPaths = (
			);
			name = "[CP] Copy Pods Resources";
			outputPaths = (
			);
			runOnlyForDeploymentPostprocessing = 0;
			shellPath = /bin/sh;
			shellScript = "\"${SRCROOT}/Pods/Target Support Files/Pods-A Day at Montmartre/Pods-A Day at Montmartre-resources.sh\"\n";
			showEnvVarsInLog = 0;
		};
		9E914268B94EE207EC83F4C9 /* [CP] Check Pods Manifest.lock */ = {
			isa = PBXShellScriptBuildPhase;
			buildActionMask = 2147483647;
			files = (
			);
			inputPaths = (
				"${PODS_PODFILE_DIR_PATH}/Podfile.lock",
				"${PODS_ROOT}/Manifest.lock",
			);
			name = "[CP] Check Pods Manifest.lock";
			outputPaths = (
				"$(DERIVED_FILE_DIR)/Pods-A Day at Montmartre-checkManifestLockResult.txt",
			);
			runOnlyForDeploymentPostprocessing = 0;
			shellPath = /bin/sh;
			shellScript = "diff \"${PODS_PODFILE_DIR_PATH}/Podfile.lock\" \"${PODS_ROOT}/Manifest.lock\" > /dev/null\nif [ $? != 0 ] ; then\n    # print error to STDERR\n    echo \"error: The sandbox is not in sync with the Podfile.lock. Run 'pod install' or update your CocoaPods installation.\" >&2\n    exit 1\nfi\n# This output is used by Xcode 'outputs' to avoid re-running this script phase.\necho \"SUCCESS\" > \"${SCRIPT_OUTPUT_FILE_0}\"\n";
			showEnvVarsInLog = 0;
		};
		B895471379BF5D8C9DFEFDB8 /* [CP] Embed Pods Frameworks */ = {
			isa = PBXShellScriptBuildPhase;
			buildActionMask = 2147483647;
			files = (
			);
			inputPaths = (
			);
			name = "[CP] Embed Pods Frameworks";
			outputPaths = (
			);
			runOnlyForDeploymentPostprocessing = 0;
			shellPath = /bin/sh;
			shellScript = "\"${SRCROOT}/Pods/Target Support Files/Pods-A Day at MontmartreTests/Pods-A Day at MontmartreTests-frameworks.sh\"\n";
			showEnvVarsInLog = 0;
		};
		DC70D40D290AC8AA602E870D /* [CP] Embed Pods Frameworks */ = {
			isa = PBXShellScriptBuildPhase;
			buildActionMask = 2147483647;
			files = (
			);
			inputPaths = (
			);
			name = "[CP] Embed Pods Frameworks";
			outputPaths = (
			);
			runOnlyForDeploymentPostprocessing = 0;
			shellPath = /bin/sh;
			shellScript = "\"${SRCROOT}/Pods/Target Support Files/Pods-A Day at Montmartre/Pods-A Day at Montmartre-frameworks.sh\"\n";
			showEnvVarsInLog = 0;
		};
		E13E54A1115DE49F53CD9EDB /* [CP] Check Pods Manifest.lock */ = {
			isa = PBXShellScriptBuildPhase;
			buildActionMask = 2147483647;
			files = (
			);
			inputPaths = (
				"${PODS_PODFILE_DIR_PATH}/Podfile.lock",
				"${PODS_ROOT}/Manifest.lock",
			);
			name = "[CP] Check Pods Manifest.lock";
			outputPaths = (
				"$(DERIVED_FILE_DIR)/Pods-A Day at MontmartreTests-checkManifestLockResult.txt",
			);
			runOnlyForDeploymentPostprocessing = 0;
			shellPath = /bin/sh;
			shellScript = "diff \"${PODS_PODFILE_DIR_PATH}/Podfile.lock\" \"${PODS_ROOT}/Manifest.lock\" > /dev/null\nif [ $? != 0 ] ; then\n    # print error to STDERR\n    echo \"error: The sandbox is not in sync with the Podfile.lock. Run 'pod install' or update your CocoaPods installation.\" >&2\n    exit 1\nfi\n# This output is used by Xcode 'outputs' to avoid re-running this script phase.\necho \"SUCCESS\" > \"${SCRIPT_OUTPUT_FILE_0}\"\n";
			showEnvVarsInLog = 0;
		};
		F540C867FDB375F403E6610C /* [CP] Copy Pods Resources */ = {
			isa = PBXShellScriptBuildPhase;
			buildActionMask = 2147483647;
			files = (
			);
			inputPaths = (
			);
			name = "[CP] Copy Pods Resources";
			outputPaths = (
			);
			runOnlyForDeploymentPostprocessing = 0;
			shellPath = /bin/sh;
			shellScript = "\"${SRCROOT}/Pods/Target Support Files/Pods-A Day at MontmartreTests/Pods-A Day at MontmartreTests-resources.sh\"\n";
			showEnvVarsInLog = 0;
		};
/* End PBXShellScriptBuildPhase section */

/* Begin PBXSourcesBuildPhase section */
		4CD4FD531FF31FA00067100F /* Sources */ = {
			isa = PBXSourcesBuildPhase;
			buildActionMask = 2147483647;
			files = (
				4CEF3BCA20378D2D00828B71 /* SmallDot.swift in Sources */,
				4C12C097201D4A05007F5EAF /* BasicEvolutionaryApproximator.swift in Sources */,
				4C97D3CC2011164C002772CA /* MontmartreColour.swift in Sources */,
				4C7A7FB91FF5716000F1852D /* MyWorldOfColours.swift in Sources */,
				4CF81C961FF59F80008B10D8 /* Double+Extensions.swift in Sources */,
				4C12C08E201D3C10007F5EAF /* HillClimbApproximator.swift in Sources */,
				4CC55C3A2076A793002999C1 /* ShapeFactory.swift in Sources */,
				4CD4FD5D1FF31FA00067100F /* ViewController.swift in Sources */,
				4C528001203A01D7000A1F19 /* Triangle.swift in Sources */,
				4CC55C3D2076A8E8002999C1 /* Types.swift in Sources */,
				4CAB6674200AD7C100F71E7C /* ShapeMask.swift in Sources */,
				4C960C262039987B00FEABE3 /* Point.swift in Sources */,
				4CD78686200BDA6500F03D7F /* MyWorldOfColours+UIKitExtensions.swift in Sources */,
				4C8438291FFBCDA000090BC4 /* Approximator.swift in Sources */,
				4CBBA82F1FF5982100BC6268 /* Ellipse.swift in Sources */,
				4C1824D5209B9D9200B1914B /* OrbitNumberImage.swift in Sources */,
				4CBBA82D1FF596D600BC6268 /* GeometricShape.swift in Sources */,
				4C7F7BE0200033F800DAE60C /* BitmapMagic.swift in Sources */,
				4CF3E4FA208A879900BD2748 /* DynamicSizeSuggestion.swift in Sources */,
				4C1824D3209B9B2C00B1914B /* Double+Orbit.swift in Sources */,
				4CB21E9B202B56BE009B1326 /* SettingsBundleHelper.swift in Sources */,
				4CA251892038838D00981E48 /* Line.swift in Sources */,
				4C942C8B200B57E100F96821 /* ApproximationContext.swift in Sources */,
				4CD0CDE2201D00A7002DED6E /* Rectangle.swift in Sources */,
			);
			runOnlyForDeploymentPostprocessing = 0;
		};
		4CD4FD671FF31FA00067100F /* Sources */ = {
			isa = PBXSourcesBuildPhase;
			buildActionMask = 2147483647;
			files = (
				4C925EB82017B5F20005D6BE /* TestImageProvider.swift in Sources */,
				4CD78684200BD7D000F03D7F /* BitmapMagicTests.swift in Sources */,
				4C78F91F2020FB5D00016B0B /* PerformanceTests.swift in Sources */,
				4CD4FD701FF31FA00067100F /* A_Day_at_MontmartreTests.swift in Sources */,
				4C8A1D47201CA39F00BE1AFF /* ShapeMaskTests.swift in Sources */,
				4C9B20612014BB2F006858A4 /* ApproximationTests.swift in Sources */,
			);
			runOnlyForDeploymentPostprocessing = 0;
		};
/* End PBXSourcesBuildPhase section */

/* Begin PBXTargetDependency section */
		4CD4FD6D1FF31FA00067100F /* PBXTargetDependency */ = {
			isa = PBXTargetDependency;
			target = 4CD4FD561FF31FA00067100F /* A Day at Montmartre */;
			targetProxy = 4CD4FD6C1FF31FA00067100F /* PBXContainerItemProxy */;
		};
/* End PBXTargetDependency section */

/* Begin PBXVariantGroup section */
		4CD4FD5E1FF31FA00067100F /* Main.storyboard */ = {
			isa = PBXVariantGroup;
			children = (
				4CD4FD5F1FF31FA00067100F /* Base */,
				4CA2518A20388E2200981E48 /* de */,
			);
			name = Main.storyboard;
			sourceTree = "<group>";
		};
		4CD4FD631FF31FA00067100F /* LaunchScreen.storyboard */ = {
			isa = PBXVariantGroup;
			children = (
				4CD4FD641FF31FA00067100F /* Base */,
				4CA2518B20388E2200981E48 /* de */,
			);
			name = LaunchScreen.storyboard;
			sourceTree = "<group>";
		};
/* End PBXVariantGroup section */

/* Begin XCBuildConfiguration section */
		4CD4FD721FF31FA00067100F /* Debug */ = {
			isa = XCBuildConfiguration;
			buildSettings = {
				ALWAYS_SEARCH_USER_PATHS = NO;
				CLANG_ANALYZER_LOCALIZABILITY_NONLOCALIZED = YES;
				CLANG_ANALYZER_NONNULL = YES;
				CLANG_ANALYZER_NUMBER_OBJECT_CONVERSION = YES_AGGRESSIVE;
				CLANG_CXX_LANGUAGE_STANDARD = "gnu++14";
				CLANG_CXX_LIBRARY = "libc++";
				CLANG_ENABLE_MODULES = YES;
				CLANG_ENABLE_OBJC_ARC = YES;
				CLANG_WARN_BLOCK_CAPTURE_AUTORELEASING = YES;
				CLANG_WARN_BOOL_CONVERSION = YES;
				CLANG_WARN_COMMA = YES;
				CLANG_WARN_CONSTANT_CONVERSION = YES;
				CLANG_WARN_DIRECT_OBJC_ISA_USAGE = YES_ERROR;
				CLANG_WARN_DOCUMENTATION_COMMENTS = YES;
				CLANG_WARN_EMPTY_BODY = YES;
				CLANG_WARN_ENUM_CONVERSION = YES;
				CLANG_WARN_INFINITE_RECURSION = YES;
				CLANG_WARN_INT_CONVERSION = YES;
				CLANG_WARN_NON_LITERAL_NULL_CONVERSION = YES;
				CLANG_WARN_OBJC_LITERAL_CONVERSION = YES;
				CLANG_WARN_OBJC_ROOT_CLASS = YES_ERROR;
				CLANG_WARN_RANGE_LOOP_ANALYSIS = YES;
				CLANG_WARN_STRICT_PROTOTYPES = YES;
				CLANG_WARN_SUSPICIOUS_MOVE = YES;
				CLANG_WARN_UNGUARDED_AVAILABILITY = YES_AGGRESSIVE;
				CLANG_WARN_UNREACHABLE_CODE = YES;
				CLANG_WARN__DUPLICATE_METHOD_MATCH = YES;
				CODE_SIGN_IDENTITY = "iPhone Developer";
				COPY_PHASE_STRIP = NO;
				DEBUG_INFORMATION_FORMAT = dwarf;
				ENABLE_STRICT_OBJC_MSGSEND = YES;
				ENABLE_TESTABILITY = YES;
				GCC_C_LANGUAGE_STANDARD = gnu11;
				GCC_DYNAMIC_NO_PIC = NO;
				GCC_NO_COMMON_BLOCKS = YES;
				GCC_OPTIMIZATION_LEVEL = 0;
				GCC_PREPROCESSOR_DEFINITIONS = (
					"DEBUG=1",
					"$(inherited)",
				);
				GCC_WARN_64_TO_32_BIT_CONVERSION = YES;
				GCC_WARN_ABOUT_RETURN_TYPE = YES_ERROR;
				GCC_WARN_UNDECLARED_SELECTOR = YES;
				GCC_WARN_UNINITIALIZED_AUTOS = YES_AGGRESSIVE;
				GCC_WARN_UNUSED_FUNCTION = YES;
				GCC_WARN_UNUSED_VARIABLE = YES;
				IPHONEOS_DEPLOYMENT_TARGET = 11.1;
				MTL_ENABLE_DEBUG_INFO = YES;
				ONLY_ACTIVE_ARCH = YES;
				SDKROOT = iphoneos;
				SWIFT_ACTIVE_COMPILATION_CONDITIONS = DEBUG;
				SWIFT_OPTIMIZATION_LEVEL = "-Onone";
				SWIFT_VERSION = 4.0;
			};
			name = Debug;
		};
		4CD4FD731FF31FA00067100F /* Release */ = {
			isa = XCBuildConfiguration;
			buildSettings = {
				ALWAYS_SEARCH_USER_PATHS = NO;
				CLANG_ANALYZER_LOCALIZABILITY_NONLOCALIZED = YES;
				CLANG_ANALYZER_NONNULL = YES;
				CLANG_ANALYZER_NUMBER_OBJECT_CONVERSION = YES_AGGRESSIVE;
				CLANG_CXX_LANGUAGE_STANDARD = "gnu++14";
				CLANG_CXX_LIBRARY = "libc++";
				CLANG_ENABLE_MODULES = YES;
				CLANG_ENABLE_OBJC_ARC = YES;
				CLANG_WARN_BLOCK_CAPTURE_AUTORELEASING = YES;
				CLANG_WARN_BOOL_CONVERSION = YES;
				CLANG_WARN_COMMA = YES;
				CLANG_WARN_CONSTANT_CONVERSION = YES;
				CLANG_WARN_DIRECT_OBJC_ISA_USAGE = YES_ERROR;
				CLANG_WARN_DOCUMENTATION_COMMENTS = YES;
				CLANG_WARN_EMPTY_BODY = YES;
				CLANG_WARN_ENUM_CONVERSION = YES;
				CLANG_WARN_INFINITE_RECURSION = YES;
				CLANG_WARN_INT_CONVERSION = YES;
				CLANG_WARN_NON_LITERAL_NULL_CONVERSION = YES;
				CLANG_WARN_OBJC_LITERAL_CONVERSION = YES;
				CLANG_WARN_OBJC_ROOT_CLASS = YES_ERROR;
				CLANG_WARN_RANGE_LOOP_ANALYSIS = YES;
				CLANG_WARN_STRICT_PROTOTYPES = YES;
				CLANG_WARN_SUSPICIOUS_MOVE = YES;
				CLANG_WARN_UNGUARDED_AVAILABILITY = YES_AGGRESSIVE;
				CLANG_WARN_UNREACHABLE_CODE = YES;
				CLANG_WARN__DUPLICATE_METHOD_MATCH = YES;
				CODE_SIGN_IDENTITY = "iPhone Developer";
				COPY_PHASE_STRIP = NO;
				DEBUG_INFORMATION_FORMAT = "dwarf-with-dsym";
				ENABLE_NS_ASSERTIONS = NO;
				ENABLE_STRICT_OBJC_MSGSEND = YES;
				ENABLE_TESTABILITY = YES;
				GCC_C_LANGUAGE_STANDARD = gnu11;
				GCC_NO_COMMON_BLOCKS = YES;
				GCC_WARN_64_TO_32_BIT_CONVERSION = YES;
				GCC_WARN_ABOUT_RETURN_TYPE = YES_ERROR;
				GCC_WARN_UNDECLARED_SELECTOR = YES;
				GCC_WARN_UNINITIALIZED_AUTOS = YES_AGGRESSIVE;
				GCC_WARN_UNUSED_FUNCTION = YES;
				GCC_WARN_UNUSED_VARIABLE = YES;
				IPHONEOS_DEPLOYMENT_TARGET = 11.1;
				MTL_ENABLE_DEBUG_INFO = NO;
				SDKROOT = iphoneos;
				SWIFT_OPTIMIZATION_LEVEL = "-Owholemodule";
				SWIFT_VERSION = 4.0;
				VALIDATE_PRODUCT = YES;
			};
			name = Release;
		};
		4CD4FD751FF31FA00067100F /* Debug */ = {
			isa = XCBuildConfiguration;
			baseConfigurationReference = 17B6ABB5A5FEBC1C3BE1D1D7 /* Pods-A Day at Montmartre.debug.xcconfig */;
			buildSettings = {
				ASSETCATALOG_COMPILER_APPICON_NAME = AppIcon;
				CODE_SIGN_STYLE = Automatic;
				DEVELOPMENT_TEAM = MV5V4GFCQ7;
				INFOPLIST_FILE = "A Day at Montmartre/Info.plist";
				LD_RUNPATH_SEARCH_PATHS = "$(inherited) @executable_path/Frameworks";
				PRODUCT_BUNDLE_IDENTIFIER = "de.kuehweg.A-Day-at-Montmartre";
				PRODUCT_NAME = "$(TARGET_NAME)";
				SWIFT_VERSION = 4.0;
				TARGETED_DEVICE_FAMILY = "1,2";
			};
			name = Debug;
		};
		4CD4FD761FF31FA00067100F /* Release */ = {
			isa = XCBuildConfiguration;
			baseConfigurationReference = 25AC4E170C72038347FD4449 /* Pods-A Day at Montmartre.release.xcconfig */;
			buildSettings = {
				ASSETCATALOG_COMPILER_APPICON_NAME = AppIcon;
				CODE_SIGN_STYLE = Automatic;
				DEVELOPMENT_TEAM = MV5V4GFCQ7;
				INFOPLIST_FILE = "A Day at Montmartre/Info.plist";
				LD_RUNPATH_SEARCH_PATHS = "$(inherited) @executable_path/Frameworks";
				PRODUCT_BUNDLE_IDENTIFIER = "de.kuehweg.A-Day-at-Montmartre";
				PRODUCT_NAME = "$(TARGET_NAME)";
				SWIFT_VERSION = 4.0;
				TARGETED_DEVICE_FAMILY = "1,2";
			};
			name = Release;
		};
		4CD4FD781FF31FA00067100F /* Debug */ = {
			isa = XCBuildConfiguration;
			baseConfigurationReference = AC38F45604DF6994B217878B /* Pods-A Day at MontmartreTests.debug.xcconfig */;
			buildSettings = {
				ALWAYS_EMBED_SWIFT_STANDARD_LIBRARIES = YES;
				BUNDLE_LOADER = "$(TEST_HOST)";
				CODE_SIGN_STYLE = Automatic;
				DEVELOPMENT_TEAM = MV5V4GFCQ7;
				INFOPLIST_FILE = "A Day at MontmartreTests/Info.plist";
				LD_RUNPATH_SEARCH_PATHS = "$(inherited) @executable_path/Frameworks @loader_path/Frameworks";
				PRODUCT_BUNDLE_IDENTIFIER = "de.kuehweg.A-Day-at-MontmartreTests";
				PRODUCT_NAME = "$(TARGET_NAME)";
				SWIFT_VERSION = 4.0;
				TARGETED_DEVICE_FAMILY = "1,2";
				TEST_HOST = "$(BUILT_PRODUCTS_DIR)/A Day at Montmartre.app/A Day at Montmartre";
			};
			name = Debug;
		};
		4CD4FD791FF31FA00067100F /* Release */ = {
			isa = XCBuildConfiguration;
			baseConfigurationReference = 7DC566546810DC81FA87E2DA /* Pods-A Day at MontmartreTests.release.xcconfig */;
			buildSettings = {
				ALWAYS_EMBED_SWIFT_STANDARD_LIBRARIES = YES;
				BUNDLE_LOADER = "$(TEST_HOST)";
				CODE_SIGN_STYLE = Automatic;
				DEVELOPMENT_TEAM = MV5V4GFCQ7;
				INFOPLIST_FILE = "A Day at MontmartreTests/Info.plist";
				LD_RUNPATH_SEARCH_PATHS = "$(inherited) @executable_path/Frameworks @loader_path/Frameworks";
				PRODUCT_BUNDLE_IDENTIFIER = "de.kuehweg.A-Day-at-MontmartreTests";
				PRODUCT_NAME = "$(TARGET_NAME)";
				SWIFT_VERSION = 4.0;
				TARGETED_DEVICE_FAMILY = "1,2";
				TEST_HOST = "$(BUILT_PRODUCTS_DIR)/A Day at Montmartre.app/A Day at Montmartre";
			};
			name = Release;
		};
/* End XCBuildConfiguration section */

/* Begin XCConfigurationList section */
		4CD4FD521FF31FA00067100F /* Build configuration list for PBXProject "A Day at Montmartre" */ = {
			isa = XCConfigurationList;
			buildConfigurations = (
				4CD4FD721FF31FA00067100F /* Debug */,
				4CD4FD731FF31FA00067100F /* Release */,
			);
			defaultConfigurationIsVisible = 0;
			defaultConfigurationName = Release;
		};
		4CD4FD741FF31FA00067100F /* Build configuration list for PBXNativeTarget "A Day at Montmartre" */ = {
			isa = XCConfigurationList;
			buildConfigurations = (
				4CD4FD751FF31FA00067100F /* Debug */,
				4CD4FD761FF31FA00067100F /* Release */,
			);
			defaultConfigurationIsVisible = 0;
			defaultConfigurationName = Release;
		};
		4CD4FD771FF31FA00067100F /* Build configuration list for PBXNativeTarget "A Day at MontmartreTests" */ = {
			isa = XCConfigurationList;
			buildConfigurations = (
				4CD4FD781FF31FA00067100F /* Debug */,
				4CD4FD791FF31FA00067100F /* Release */,
			);
			defaultConfigurationIsVisible = 0;
			defaultConfigurationName = Release;
		};
/* End XCConfigurationList section */
	};
	rootObject = 4CD4FD4F1FF31FA00067100F /* Project object */;
}
